// !$*UTF8*$!
{
	archiveVersion = 1;
	classes = {
	};
	objectVersion = 77;
	objects = {

/* Begin PBXBuildFile section */
		0C45CAB4AEB12121259E293A /* SaveStoreTests.swift in Sources */ = {isa = PBXBuildFile; fileRef = FF357C4A8AD1952FDF98EA0D /* SaveStoreTests.swift */; };
		0C72AC77E83566C8E0DA02E0 /* RewardResolverTests.swift in Sources */ = {isa = PBXBuildFile; fileRef = E15F15F2B4568EC8B2B4D0F1 /* RewardResolverTests.swift */; };
		124A28A03BF458D41236DC97 /* CombatResolver.swift in Sources */ = {isa = PBXBuildFile; fileRef = E36F2AB49907D4D959AB5A2D /* CombatResolver.swift */; };
		1597213C63418464F67B79D7 /* LootSystemTests.swift in Sources */ = {isa = PBXBuildFile; fileRef = 7C9EAFDD1F3654E80EF008F2 /* LootSystemTests.swift */; };
		1AAFD4151665282A44585C20 /* SimulationDuration.swift in Sources */ = {isa = PBXBuildFile; fileRef = 1F7A6E0E3DB63AA1E34C635B /* SimulationDuration.swift */; };
		1AC6D3EDFF22908386E99C35 /* MenuBarContent.swift in Sources */ = {isa = PBXBuildFile; fileRef = 25A8CCEBA359DCE30C12AD27 /* MenuBarContent.swift */; };
		1E047E3D81737630D87DEDF0 /* SaveCoordinatorTests.swift in Sources */ = {isa = PBXBuildFile; fileRef = 4701E932AD87DBAB46323F9A /* SaveCoordinatorTests.swift */; };
		21D79BC28FD1B426B245BDDB /* AppLog.swift in Sources */ = {isa = PBXBuildFile; fileRef = 07DDCF7DBA016A9D2B399E07 /* AppLog.swift */; };
		2C378817AE82E13592A72B68 /* AppDelegate.swift in Sources */ = {isa = PBXBuildFile; fileRef = 6DE51EFDEE69BE8B40D600A8 /* AppDelegate.swift */; };
		2E65DEB89F07322368ED6E17 /* GameModels.swift in Sources */ = {isa = PBXBuildFile; fileRef = 7C253FA011076DCBFA498E4B /* GameModels.swift */; };
		2F7453ED494FDA644BFA43F3 /* PrototypeSceneHost.swift in Sources */ = {isa = PBXBuildFile; fileRef = B8306A34DA2F75CFA6E21A0B /* PrototypeSceneHost.swift */; };
		30042DDB93F9720D2380F412 /* OverlayWindowController.swift in Sources */ = {isa = PBXBuildFile; fileRef = 2B83DA476844707F0BE3DB96 /* OverlayWindowController.swift */; };
		3B791FA3114B5471B8CCF050 /* SimulationDriver.swift in Sources */ = {isa = PBXBuildFile; fileRef = BEB06A577225C8CFC2CC8287 /* SimulationDriver.swift */; };
		3C27403E8CDC14AB0E53D929 /* OverlayStateTests.swift in Sources */ = {isa = PBXBuildFile; fileRef = 0FBD88BD9A5FB4043963A4AB /* OverlayStateTests.swift */; };
		3D9A0E211849967844474C4D /* OverlayPanel.swift in Sources */ = {isa = PBXBuildFile; fileRef = 5430494B15B5CF80A136872A /* OverlayPanel.swift */; };
		465B7E460ABEAD19437A0B7E /* GameSessionTests.swift in Sources */ = {isa = PBXBuildFile; fileRef = 1C45D88CDFE5A712AE6004EE /* GameSessionTests.swift */; };
		4C74E7C46D369DE0FE0ECE7C /* FullscreenWindowClassifierTests.swift in Sources */ = {isa = PBXBuildFile; fileRef = 3D23D28184BD8A05F30D6359 /* FullscreenWindowClassifierTests.swift */; };
		4CCFDC1FE8F1137185519C86 /* EncounterDirector.swift in Sources */ = {isa = PBXBuildFile; fileRef = A932E76C21E80B473A1597E0 /* EncounterDirector.swift */; };
		50D611A9B73A82EC3938F28D /* AppModel.swift in Sources */ = {isa = PBXBuildFile; fileRef = 4DFB967DB50E4309E608F612 /* AppModel.swift */; };
		511377801E6211ED3D87D812 /* SaveCoordinator.swift in Sources */ = {isa = PBXBuildFile; fileRef = 42278A046B943F22DAEF4580 /* SaveCoordinator.swift */; };
		59B3D179D74276F495F2C346 /* RewardResolver.swift in Sources */ = {isa = PBXBuildFile; fileRef = 46EC0A023F1BDE7B989940D1 /* RewardResolver.swift */; };
		5F742D47E8DC4246E38A43E3 /* GameSimulationTests.swift in Sources */ = {isa = PBXBuildFile; fileRef = 36E4509B61BEEFA0FF1C5FE4 /* GameSimulationTests.swift */; };
		6201316CE93A767628A3D782 /* SimulationDriverTests.swift in Sources */ = {isa = PBXBuildFile; fileRef = 87C1B7D532091DA5C524FDC4 /* SimulationDriverTests.swift */; };
		69BA3424D743C50C2B50D40C /* SaveDocumentTests.swift in Sources */ = {isa = PBXBuildFile; fileRef = B41781EC2DFD16E39F990371 /* SaveDocumentTests.swift */; };
		6AA2232C0770269591C84AC5 /* ManagementView.swift in Sources */ = {isa = PBXBuildFile; fileRef = DD84371C3391B7B2FE381500 /* ManagementView.swift */; };
		78CC9D1FFD4DD6B01B6DC529 /* SaveStore.swift in Sources */ = {isa = PBXBuildFile; fileRef = 57A9EA78A8A709B76D4D2E9F /* SaveStore.swift */; };
		7C8006DEC5C5A9D61C649B8B /* AppModelTests.swift in Sources */ = {isa = PBXBuildFile; fileRef = C8443E0D34AB8B0707A79331 /* AppModelTests.swift */; };
		82E7EAAA8217716805FDAC9F /* DamageMetricsTests.swift in Sources */ = {isa = PBXBuildFile; fileRef = 0047DBA6B2CCA397CC178D1B /* DamageMetricsTests.swift */; };
		8674F689C5F772CB5950B8A1 /* DockBarHeroApp.swift in Sources */ = {isa = PBXBuildFile; fileRef = 0E17FEA9F1C03CFF1875E99D /* DockBarHeroApp.swift */; };
		91B2505FE7F5AC43E2E34B9E /* BalanceConfiguration.swift in Sources */ = {isa = PBXBuildFile; fileRef = 61C6867E3AC329AA6C53A38E /* BalanceConfiguration.swift */; };
		963FDA8AA6B19D585518598D /* CombatResolverTests.swift in Sources */ = {isa = PBXBuildFile; fileRef = 5976F79B7621E01E99BC4787 /* CombatResolverTests.swift */; };
		96C175AA63AB27E4C1BFFD6F /* SaveDocument.swift in Sources */ = {isa = PBXBuildFile; fileRef = CBB4E71B5A88A861340D85CF /* SaveDocument.swift */; };
		99B85F8360961389079F6AAE /* PrototypeScene.swift in Sources */ = {isa = PBXBuildFile; fileRef = CDD14FF849F64AD2F250E89F /* PrototypeScene.swift */; };
		9B25CEBFFD043DABD9553B1F /* ActionPolicy.swift in Sources */ = {isa = PBXBuildFile; fileRef = ACAE5AC0485F6080C673233C /* ActionPolicy.swift */; };
		AD5E43CA462AEAC55F3C6389 /* OverlayPlacementTests.swift in Sources */ = {isa = PBXBuildFile; fileRef = 697D836989C5878F5D1E9937 /* OverlayPlacementTests.swift */; };
		AF9896646F223301E5123E54 /* OverlayWindowControllerTests.swift in Sources */ = {isa = PBXBuildFile; fileRef = C11309CD62DDBF6F14591880 /* OverlayWindowControllerTests.swift */; };
		B66041EB90E47022AEB65B6C /* GameSession.swift in Sources */ = {isa = PBXBuildFile; fileRef = E4DFF5B6EFBC15E042B1A1FC /* GameSession.swift */; };
		C0435BD6F1CFAEEE8DE56D68 /* OverlayState.swift in Sources */ = {isa = PBXBuildFile; fileRef = 8586F52C6908F4FE4E5B9E0A /* OverlayState.swift */; };
		C62C8B02A3F0BF1FE9EE1D42 /* LootSystem.swift in Sources */ = {isa = PBXBuildFile; fileRef = 01DE3A7CF2C6E82A95957389 /* LootSystem.swift */; };
		C689F488793AF13327A04885 /* EncounterDirectorTests.swift in Sources */ = {isa = PBXBuildFile; fileRef = E3FC244D744D5DDE9BDB7B8A /* EncounterDirectorTests.swift */; };
		C6E726271E35F71BDC6681D0 /* FullscreenWindowClassifier.swift in Sources */ = {isa = PBXBuildFile; fileRef = E043207E2BD7ACD2F4C89799 /* FullscreenWindowClassifier.swift */; };
		D12F51121C8BCBAB20F16BE5 /* EnvironmentMonitorTests.swift in Sources */ = {isa = PBXBuildFile; fileRef = 47C35A975941EEBB55C9FF53 /* EnvironmentMonitorTests.swift */; };
		D521FBC1567FD7461CA6769D /* ManagementViewTests.swift in Sources */ = {isa = PBXBuildFile; fileRef = 3E7699A4FA7579E552E49A7A /* ManagementViewTests.swift */; };
		D7A694B5677D9C181B58AF80 /* DamageMetrics.swift in Sources */ = {isa = PBXBuildFile; fileRef = FC6ED814FDE7272DED6E5248 /* DamageMetrics.swift */; };
		DABBB93F85FF86E04127FEBB /* SimulationDurationTests.swift in Sources */ = {isa = PBXBuildFile; fileRef = 7262122A992B17AD88488FCD /* SimulationDurationTests.swift */; };
		DCE10BEFC2693E92CEFFFCC2 /* BalanceConfigurationTests.swift in Sources */ = {isa = PBXBuildFile; fileRef = F97A36783977BA1422D08114 /* BalanceConfigurationTests.swift */; };
		DFFC0FB551A2996C7A691872 /* OverlayPlacement.swift in Sources */ = {isa = PBXBuildFile; fileRef = 70160FF019FFD009FA1DFF7F /* OverlayPlacement.swift */; };
		E0F406C8C78C69FA07260E71 /* AppKitScreenProvider.swift in Sources */ = {isa = PBXBuildFile; fileRef = C50E5986E66736133E5E7924 /* AppKitScreenProvider.swift */; };
		E27A1FA17198466ECF6F5A3C /* GameSimulation.swift in Sources */ = {isa = PBXBuildFile; fileRef = EC12B1C4B82A58431E39CF96 /* GameSimulation.swift */; };
		E6A843FD10A019EE85795CB2 /* PrototypeSceneHostTests.swift in Sources */ = {isa = PBXBuildFile; fileRef = 80C47315F197A2C91F065E76 /* PrototypeSceneHostTests.swift */; };
		FDAC194AE4CA4639187D16B4 /* EnvironmentMonitor.swift in Sources */ = {isa = PBXBuildFile; fileRef = 3FEBB2B89631ABEA126DC445 /* EnvironmentMonitor.swift */; };
/* End PBXBuildFile section */

/* Begin PBXContainerItemProxy section */
		556F9FB48BEE068E8D7AF123 /* PBXContainerItemProxy */ = {
			isa = PBXContainerItemProxy;
			containerPortal = B358D015E2B782F40E3C90E4 /* Project object */;
			proxyType = 1;
			remoteGlobalIDString = BC889D86AE980ADB9C980C17;
			remoteInfo = DockBarHero;
		};
/* End PBXContainerItemProxy section */

/* Begin PBXFileReference section */
		0047DBA6B2CCA397CC178D1B /* DamageMetricsTests.swift */ = {isa = PBXFileReference; lastKnownFileType = sourcecode.swift; path = DamageMetricsTests.swift; sourceTree = "<group>"; };
		01DE3A7CF2C6E82A95957389 /* LootSystem.swift */ = {isa = PBXFileReference; lastKnownFileType = sourcecode.swift; path = LootSystem.swift; sourceTree = "<group>"; };
		07DDCF7DBA016A9D2B399E07 /* AppLog.swift */ = {isa = PBXFileReference; lastKnownFileType = sourcecode.swift; path = AppLog.swift; sourceTree = "<group>"; };
		0E17FEA9F1C03CFF1875E99D /* DockBarHeroApp.swift */ = {isa = PBXFileReference; lastKnownFileType = sourcecode.swift; path = DockBarHeroApp.swift; sourceTree = "<group>"; };
		0FBD88BD9A5FB4043963A4AB /* OverlayStateTests.swift */ = {isa = PBXFileReference; lastKnownFileType = sourcecode.swift; path = OverlayStateTests.swift; sourceTree = "<group>"; };
		1C45D88CDFE5A712AE6004EE /* GameSessionTests.swift */ = {isa = PBXFileReference; lastKnownFileType = sourcecode.swift; path = GameSessionTests.swift; sourceTree = "<group>"; };
		1E4B92627EE6A337F1D4D4E8 /* DockBarHeroTests.xctest */ = {isa = PBXFileReference; explicitFileType = wrapper.cfbundle; includeInIndex = 0; path = DockBarHeroTests.xctest; sourceTree = BUILT_PRODUCTS_DIR; };
		1F7A6E0E3DB63AA1E34C635B /* SimulationDuration.swift */ = {isa = PBXFileReference; lastKnownFileType = sourcecode.swift; path = SimulationDuration.swift; sourceTree = "<group>"; };
		25A8CCEBA359DCE30C12AD27 /* MenuBarContent.swift */ = {isa = PBXFileReference; lastKnownFileType = sourcecode.swift; path = MenuBarContent.swift; sourceTree = "<group>"; };
		2B83DA476844707F0BE3DB96 /* OverlayWindowController.swift */ = {isa = PBXFileReference; lastKnownFileType = sourcecode.swift; path = OverlayWindowController.swift; sourceTree = "<group>"; };
		36E4509B61BEEFA0FF1C5FE4 /* GameSimulationTests.swift */ = {isa = PBXFileReference; lastKnownFileType = sourcecode.swift; path = GameSimulationTests.swift; sourceTree = "<group>"; };
		3D23D28184BD8A05F30D6359 /* FullscreenWindowClassifierTests.swift */ = {isa = PBXFileReference; lastKnownFileType = sourcecode.swift; path = FullscreenWindowClassifierTests.swift; sourceTree = "<group>"; };
		3E7699A4FA7579E552E49A7A /* ManagementViewTests.swift */ = {isa = PBXFileReference; lastKnownFileType = sourcecode.swift; path = ManagementViewTests.swift; sourceTree = "<group>"; };
		3FEBB2B89631ABEA126DC445 /* EnvironmentMonitor.swift */ = {isa = PBXFileReference; lastKnownFileType = sourcecode.swift; path = EnvironmentMonitor.swift; sourceTree = "<group>"; };
		42278A046B943F22DAEF4580 /* SaveCoordinator.swift */ = {isa = PBXFileReference; lastKnownFileType = sourcecode.swift; path = SaveCoordinator.swift; sourceTree = "<group>"; };
		46EC0A023F1BDE7B989940D1 /* RewardResolver.swift */ = {isa = PBXFileReference; lastKnownFileType = sourcecode.swift; path = RewardResolver.swift; sourceTree = "<group>"; };
		4701E932AD87DBAB46323F9A /* SaveCoordinatorTests.swift */ = {isa = PBXFileReference; lastKnownFileType = sourcecode.swift; path = SaveCoordinatorTests.swift; sourceTree = "<group>"; };
		47C35A975941EEBB55C9FF53 /* EnvironmentMonitorTests.swift */ = {isa = PBXFileReference; lastKnownFileType = sourcecode.swift; path = EnvironmentMonitorTests.swift; sourceTree = "<group>"; };
		4DFB967DB50E4309E608F612 /* AppModel.swift */ = {isa = PBXFileReference; lastKnownFileType = sourcecode.swift; path = AppModel.swift; sourceTree = "<group>"; };
		5430494B15B5CF80A136872A /* OverlayPanel.swift */ = {isa = PBXFileReference; lastKnownFileType = sourcecode.swift; path = OverlayPanel.swift; sourceTree = "<group>"; };
		57A9EA78A8A709B76D4D2E9F /* SaveStore.swift */ = {isa = PBXFileReference; lastKnownFileType = sourcecode.swift; path = SaveStore.swift; sourceTree = "<group>"; };
		5976F79B7621E01E99BC4787 /* CombatResolverTests.swift */ = {isa = PBXFileReference; lastKnownFileType = sourcecode.swift; path = CombatResolverTests.swift; sourceTree = "<group>"; };
		61C6867E3AC329AA6C53A38E /* BalanceConfiguration.swift */ = {isa = PBXFileReference; lastKnownFileType = sourcecode.swift; path = BalanceConfiguration.swift; sourceTree = "<group>"; };
		697D836989C5878F5D1E9937 /* OverlayPlacementTests.swift */ = {isa = PBXFileReference; lastKnownFileType = sourcecode.swift; path = OverlayPlacementTests.swift; sourceTree = "<group>"; };
		6DE51EFDEE69BE8B40D600A8 /* AppDelegate.swift */ = {isa = PBXFileReference; lastKnownFileType = sourcecode.swift; path = AppDelegate.swift; sourceTree = "<group>"; };
		70160FF019FFD009FA1DFF7F /* OverlayPlacement.swift */ = {isa = PBXFileReference; lastKnownFileType = sourcecode.swift; path = OverlayPlacement.swift; sourceTree = "<group>"; };
		7262122A992B17AD88488FCD /* SimulationDurationTests.swift */ = {isa = PBXFileReference; lastKnownFileType = sourcecode.swift; path = SimulationDurationTests.swift; sourceTree = "<group>"; };
		7C253FA011076DCBFA498E4B /* GameModels.swift */ = {isa = PBXFileReference; lastKnownFileType = sourcecode.swift; path = GameModels.swift; sourceTree = "<group>"; };
		7C9EAFDD1F3654E80EF008F2 /* LootSystemTests.swift */ = {isa = PBXFileReference; lastKnownFileType = sourcecode.swift; path = LootSystemTests.swift; sourceTree = "<group>"; };
		80C47315F197A2C91F065E76 /* PrototypeSceneHostTests.swift */ = {isa = PBXFileReference; lastKnownFileType = sourcecode.swift; path = PrototypeSceneHostTests.swift; sourceTree = "<group>"; };
		8586F52C6908F4FE4E5B9E0A /* OverlayState.swift */ = {isa = PBXFileReference; lastKnownFileType = sourcecode.swift; path = OverlayState.swift; sourceTree = "<group>"; };
		87C1B7D532091DA5C524FDC4 /* SimulationDriverTests.swift */ = {isa = PBXFileReference; lastKnownFileType = sourcecode.swift; path = SimulationDriverTests.swift; sourceTree = "<group>"; };
		943AD75B3E2A18F1AC085766 /* DockBarHero.app */ = {isa = PBXFileReference; explicitFileType = wrapper.application; includeInIndex = 0; path = DockBarHero.app; sourceTree = BUILT_PRODUCTS_DIR; };
		A932E76C21E80B473A1597E0 /* EncounterDirector.swift */ = {isa = PBXFileReference; lastKnownFileType = sourcecode.swift; path = EncounterDirector.swift; sourceTree = "<group>"; };
		ACAE5AC0485F6080C673233C /* ActionPolicy.swift */ = {isa = PBXFileReference; lastKnownFileType = sourcecode.swift; path = ActionPolicy.swift; sourceTree = "<group>"; };
		B41781EC2DFD16E39F990371 /* SaveDocumentTests.swift */ = {isa = PBXFileReference; lastKnownFileType = sourcecode.swift; path = SaveDocumentTests.swift; sourceTree = "<group>"; };
		B8306A34DA2F75CFA6E21A0B /* PrototypeSceneHost.swift */ = {isa = PBXFileReference; lastKnownFileType = sourcecode.swift; path = PrototypeSceneHost.swift; sourceTree = "<group>"; };
		BEB06A577225C8CFC2CC8287 /* SimulationDriver.swift */ = {isa = PBXFileReference; lastKnownFileType = sourcecode.swift; path = SimulationDriver.swift; sourceTree = "<group>"; };
		C11309CD62DDBF6F14591880 /* OverlayWindowControllerTests.swift */ = {isa = PBXFileReference; lastKnownFileType = sourcecode.swift; path = OverlayWindowControllerTests.swift; sourceTree = "<group>"; };
		C50E5986E66736133E5E7924 /* AppKitScreenProvider.swift */ = {isa = PBXFileReference; lastKnownFileType = sourcecode.swift; path = AppKitScreenProvider.swift; sourceTree = "<group>"; };
		C8443E0D34AB8B0707A79331 /* AppModelTests.swift */ = {isa = PBXFileReference; lastKnownFileType = sourcecode.swift; path = AppModelTests.swift; sourceTree = "<group>"; };
		CBB4E71B5A88A861340D85CF /* SaveDocument.swift */ = {isa = PBXFileReference; lastKnownFileType = sourcecode.swift; path = SaveDocument.swift; sourceTree = "<group>"; };
		CDD14FF849F64AD2F250E89F /* PrototypeScene.swift */ = {isa = PBXFileReference; lastKnownFileType = sourcecode.swift; path = PrototypeScene.swift; sourceTree = "<group>"; };
		DD84371C3391B7B2FE381500 /* ManagementView.swift */ = {isa = PBXFileReference; lastKnownFileType = sourcecode.swift; path = ManagementView.swift; sourceTree = "<group>"; };
		E043207E2BD7ACD2F4C89799 /* FullscreenWindowClassifier.swift */ = {isa = PBXFileReference; lastKnownFileType = sourcecode.swift; path = FullscreenWindowClassifier.swift; sourceTree = "<group>"; };
		E15F15F2B4568EC8B2B4D0F1 /* RewardResolverTests.swift */ = {isa = PBXFileReference; lastKnownFileType = sourcecode.swift; path = RewardResolverTests.swift; sourceTree = "<group>"; };
		E36F2AB49907D4D959AB5A2D /* CombatResolver.swift */ = {isa = PBXFileReference; lastKnownFileType = sourcecode.swift; path = CombatResolver.swift; sourceTree = "<group>"; };
		E3FC244D744D5DDE9BDB7B8A /* EncounterDirectorTests.swift */ = {isa = PBXFileReference; lastKnownFileType = sourcecode.swift; path = EncounterDirectorTests.swift; sourceTree = "<group>"; };
		E4DFF5B6EFBC15E042B1A1FC /* GameSession.swift */ = {isa = PBXFileReference; lastKnownFileType = sourcecode.swift; path = GameSession.swift; sourceTree = "<group>"; };
		EC12B1C4B82A58431E39CF96 /* GameSimulation.swift */ = {isa = PBXFileReference; lastKnownFileType = sourcecode.swift; path = GameSimulation.swift; sourceTree = "<group>"; };
		F97A36783977BA1422D08114 /* BalanceConfigurationTests.swift */ = {isa = PBXFileReference; lastKnownFileType = sourcecode.swift; path = BalanceConfigurationTests.swift; sourceTree = "<group>"; };
		FC6ED814FDE7272DED6E5248 /* DamageMetrics.swift */ = {isa = PBXFileReference; lastKnownFileType = sourcecode.swift; path = DamageMetrics.swift; sourceTree = "<group>"; };
		FF357C4A8AD1952FDF98EA0D /* SaveStoreTests.swift */ = {isa = PBXFileReference; lastKnownFileType = sourcecode.swift; path = SaveStoreTests.swift; sourceTree = "<group>"; };
/* End PBXFileReference section */

/* Begin PBXGroup section */
		08A18F15BBD1D3FE81CCDE56 /* DockBarHero */ = {
			isa = PBXGroup;
			children = (
				D53C957DF8B65DC661ECA9B9 /* App */,
				A6AA104F62EAFAFB4D82B3FC /* Core */,
				E0241D0ACB6188DAD5048529 /* Environment */,
				60D7045030DFFA7BBA317C36 /* Game */,
				5EF9F00A69D63AB8BEDD119D /* Overlay */,
				A5585E21E52F2261DFD078BF /* Persistence */,
				F83F46F2C096DFCED5F45261 /* Rendering */,
				F41C324E6CC21CA4AB10CBF2 /* Support */,
			);
			path = DockBarHero;
			sourceTree = "<group>";
		};
		53FBFBED27A7F67E3F59CF34 /* DockBarHeroTests */ = {
			isa = PBXGroup;
			children = (
				C8443E0D34AB8B0707A79331 /* AppModelTests.swift */,
				F97A36783977BA1422D08114 /* BalanceConfigurationTests.swift */,
				5976F79B7621E01E99BC4787 /* CombatResolverTests.swift */,
				0047DBA6B2CCA397CC178D1B /* DamageMetricsTests.swift */,
				E3FC244D744D5DDE9BDB7B8A /* EncounterDirectorTests.swift */,
				47C35A975941EEBB55C9FF53 /* EnvironmentMonitorTests.swift */,
				3D23D28184BD8A05F30D6359 /* FullscreenWindowClassifierTests.swift */,
				1C45D88CDFE5A712AE6004EE /* GameSessionTests.swift */,
				36E4509B61BEEFA0FF1C5FE4 /* GameSimulationTests.swift */,
				7C9EAFDD1F3654E80EF008F2 /* LootSystemTests.swift */,
				3E7699A4FA7579E552E49A7A /* ManagementViewTests.swift */,
				697D836989C5878F5D1E9937 /* OverlayPlacementTests.swift */,
				0FBD88BD9A5FB4043963A4AB /* OverlayStateTests.swift */,
				C11309CD62DDBF6F14591880 /* OverlayWindowControllerTests.swift */,
				80C47315F197A2C91F065E76 /* PrototypeSceneHostTests.swift */,
				E15F15F2B4568EC8B2B4D0F1 /* RewardResolverTests.swift */,
				4701E932AD87DBAB46323F9A /* SaveCoordinatorTests.swift */,
				B41781EC2DFD16E39F990371 /* SaveDocumentTests.swift */,
				FF357C4A8AD1952FDF98EA0D /* SaveStoreTests.swift */,
				87C1B7D532091DA5C524FDC4 /* SimulationDriverTests.swift */,
				7262122A992B17AD88488FCD /* SimulationDurationTests.swift */,
			);
			path = DockBarHeroTests;
			sourceTree = "<group>";
		};
		5EF9F00A69D63AB8BEDD119D /* Overlay */ = {
			isa = PBXGroup;
			children = (
				C50E5986E66736133E5E7924 /* AppKitScreenProvider.swift */,
				5430494B15B5CF80A136872A /* OverlayPanel.swift */,
				2B83DA476844707F0BE3DB96 /* OverlayWindowController.swift */,
			);
			path = Overlay;
			sourceTree = "<group>";
		};
		60D7045030DFFA7BBA317C36 /* Game */ = {
			isa = PBXGroup;
			children = (
				ACAE5AC0485F6080C673233C /* ActionPolicy.swift */,
				61C6867E3AC329AA6C53A38E /* BalanceConfiguration.swift */,
				E36F2AB49907D4D959AB5A2D /* CombatResolver.swift */,
				FC6ED814FDE7272DED6E5248 /* DamageMetrics.swift */,
				A932E76C21E80B473A1597E0 /* EncounterDirector.swift */,
				7C253FA011076DCBFA498E4B /* GameModels.swift */,
				E4DFF5B6EFBC15E042B1A1FC /* GameSession.swift */,
				EC12B1C4B82A58431E39CF96 /* GameSimulation.swift */,
				01DE3A7CF2C6E82A95957389 /* LootSystem.swift */,
				46EC0A023F1BDE7B989940D1 /* RewardResolver.swift */,
				BEB06A577225C8CFC2CC8287 /* SimulationDriver.swift */,
				1F7A6E0E3DB63AA1E34C635B /* SimulationDuration.swift */,
			);
			path = Game;
			sourceTree = "<group>";
		};
		A3E639FF034D43877039A4D2 /* Products */ = {
			isa = PBXGroup;
			children = (
				943AD75B3E2A18F1AC085766 /* DockBarHero.app */,
				1E4B92627EE6A337F1D4D4E8 /* DockBarHeroTests.xctest */,
			);
			name = Products;
			sourceTree = "<group>";
		};
		A5585E21E52F2261DFD078BF /* Persistence */ = {
			isa = PBXGroup;
			children = (
				42278A046B943F22DAEF4580 /* SaveCoordinator.swift */,
				CBB4E71B5A88A861340D85CF /* SaveDocument.swift */,
				57A9EA78A8A709B76D4D2E9F /* SaveStore.swift */,
			);
			path = Persistence;
			sourceTree = "<group>";
		};
		A6AA104F62EAFAFB4D82B3FC /* Core */ = {
			isa = PBXGroup;
			children = (
				70160FF019FFD009FA1DFF7F /* OverlayPlacement.swift */,
				8586F52C6908F4FE4E5B9E0A /* OverlayState.swift */,
			);
			path = Core;
			sourceTree = "<group>";
		};
		D53C957DF8B65DC661ECA9B9 /* App */ = {
			isa = PBXGroup;
			children = (
				6DE51EFDEE69BE8B40D600A8 /* AppDelegate.swift */,
				4DFB967DB50E4309E608F612 /* AppModel.swift */,
				0E17FEA9F1C03CFF1875E99D /* DockBarHeroApp.swift */,
				DD84371C3391B7B2FE381500 /* ManagementView.swift */,
				25A8CCEBA359DCE30C12AD27 /* MenuBarContent.swift */,
			);
			path = App;
			sourceTree = "<group>";
		};
		E0241D0ACB6188DAD5048529 /* Environment */ = {
			isa = PBXGroup;
			children = (
				3FEBB2B89631ABEA126DC445 /* EnvironmentMonitor.swift */,
				E043207E2BD7ACD2F4C89799 /* FullscreenWindowClassifier.swift */,
			);
			path = Environment;
			sourceTree = "<group>";
		};
		E336CB480AADB18FF6439E84 = {
			isa = PBXGroup;
			children = (
				08A18F15BBD1D3FE81CCDE56 /* DockBarHero */,
				53FBFBED27A7F67E3F59CF34 /* DockBarHeroTests */,
				A3E639FF034D43877039A4D2 /* Products */,
			);
			sourceTree = "<group>";
		};
		F41C324E6CC21CA4AB10CBF2 /* Support */ = {
			isa = PBXGroup;
			children = (
				07DDCF7DBA016A9D2B399E07 /* AppLog.swift */,
			);
			path = Support;
			sourceTree = "<group>";
		};
		F83F46F2C096DFCED5F45261 /* Rendering */ = {
			isa = PBXGroup;
			children = (
				CDD14FF849F64AD2F250E89F /* PrototypeScene.swift */,
				B8306A34DA2F75CFA6E21A0B /* PrototypeSceneHost.swift */,
			);
			path = Rendering;
			sourceTree = "<group>";
		};
/* End PBXGroup section */

/* Begin PBXNativeTarget section */
		BC889D86AE980ADB9C980C17 /* DockBarHero */ = {
			isa = PBXNativeTarget;
			buildConfigurationList = 258560F2B153AF6EC1B76947 /* Build configuration list for PBXNativeTarget "DockBarHero" */;
			buildPhases = (
				83F92E12A99ACD41911F187D /* Sources */,
			);
			buildRules = (
			);
			dependencies = (
			);
			name = DockBarHero;
			packageProductDependencies = (
			);
			productName = DockBarHero;
			productReference = 943AD75B3E2A18F1AC085766 /* DockBarHero.app */;
			productType = "com.apple.product-type.application";
		};
		DBEE7ADD3E28AC42ECB781C9 /* DockBarHeroTests */ = {
			isa = PBXNativeTarget;
			buildConfigurationList = ABD8A66E67D7C2BD4A8EAE71 /* Build configuration list for PBXNativeTarget "DockBarHeroTests" */;
			buildPhases = (
				540F14310DC6364239785AE9 /* Sources */,
			);
			buildRules = (
			);
			dependencies = (
				7D3045D0E1A3419B35C16D09 /* PBXTargetDependency */,
			);
			name = DockBarHeroTests;
			packageProductDependencies = (
			);
			productName = DockBarHeroTests;
			productReference = 1E4B92627EE6A337F1D4D4E8 /* DockBarHeroTests.xctest */;
			productType = "com.apple.product-type.bundle.unit-test";
		};
/* End PBXNativeTarget section */

/* Begin PBXProject section */
		B358D015E2B782F40E3C90E4 /* Project object */ = {
			isa = PBXProject;
			attributes = {
				BuildIndependentTargetsInParallel = YES;
				LastUpgradeCheck = 1430;
				TargetAttributes = {
				};
			};
			buildConfigurationList = E8D995E762EEC1DCF79511E9 /* Build configuration list for PBXProject "DockBarHero" */;
			developmentRegion = en;
			hasScannedForEncodings = 0;
			knownRegions = (
				Base,
				en,
			);
			mainGroup = E336CB480AADB18FF6439E84;
			minimizedProjectReferenceProxies = 1;
			preferredProjectObjectVersion = 77;
			productRefGroup = A3E639FF034D43877039A4D2 /* Products */;
			projectDirPath = "";
			projectRoot = "";
			targets = (
				BC889D86AE980ADB9C980C17 /* DockBarHero */,
				DBEE7ADD3E28AC42ECB781C9 /* DockBarHeroTests */,
			);
		};
/* End PBXProject section */

/* Begin PBXSourcesBuildPhase section */
		540F14310DC6364239785AE9 /* Sources */ = {
			isa = PBXSourcesBuildPhase;
			buildActionMask = 2147483647;
			files = (
				7C8006DEC5C5A9D61C649B8B /* AppModelTests.swift in Sources */,
				DCE10BEFC2693E92CEFFFCC2 /* BalanceConfigurationTests.swift in Sources */,
				963FDA8AA6B19D585518598D /* CombatResolverTests.swift in Sources */,
				82E7EAAA8217716805FDAC9F /* DamageMetricsTests.swift in Sources */,
				C689F488793AF13327A04885 /* EncounterDirectorTests.swift in Sources */,
				D12F51121C8BCBAB20F16BE5 /* EnvironmentMonitorTests.swift in Sources */,
				4C74E7C46D369DE0FE0ECE7C /* FullscreenWindowClassifierTests.swift in Sources */,
				465B7E460ABEAD19437A0B7E /* GameSessionTests.swift in Sources */,
				5F742D47E8DC4246E38A43E3 /* GameSimulationTests.swift in Sources */,
				1597213C63418464F67B79D7 /* LootSystemTests.swift in Sources */,
				D521FBC1567FD7461CA6769D /* ManagementViewTests.swift in Sources */,
				AD5E43CA462AEAC55F3C6389 /* OverlayPlacementTests.swift in Sources */,
				3C27403E8CDC14AB0E53D929 /* OverlayStateTests.swift in Sources */,
				AF9896646F223301E5123E54 /* OverlayWindowControllerTests.swift in Sources */,
				E6A843FD10A019EE85795CB2 /* PrototypeSceneHostTests.swift in Sources */,
				0C72AC77E83566C8E0DA02E0 /* RewardResolverTests.swift in Sources */,
				1E047E3D81737630D87DEDF0 /* SaveCoordinatorTests.swift in Sources */,
				69BA3424D743C50C2B50D40C /* SaveDocumentTests.swift in Sources */,
				0C45CAB4AEB12121259E293A /* SaveStoreTests.swift in Sources */,
				6201316CE93A767628A3D782 /* SimulationDriverTests.swift in Sources */,
				DABBB93F85FF86E04127FEBB /* SimulationDurationTests.swift in Sources */,
			);
			runOnlyForDeploymentPostprocessing = 0;
		};
		83F92E12A99ACD41911F187D /* Sources */ = {
			isa = PBXSourcesBuildPhase;
			buildActionMask = 2147483647;
			files = (
				9B25CEBFFD043DABD9553B1F /* ActionPolicy.swift in Sources */,
				2C378817AE82E13592A72B68 /* AppDelegate.swift in Sources */,
				E0F406C8C78C69FA07260E71 /* AppKitScreenProvider.swift in Sources */,
				21D79BC28FD1B426B245BDDB /* AppLog.swift in Sources */,
				50D611A9B73A82EC3938F28D /* AppModel.swift in Sources */,
				91B2505FE7F5AC43E2E34B9E /* BalanceConfiguration.swift in Sources */,
				124A28A03BF458D41236DC97 /* CombatResolver.swift in Sources */,
				D7A694B5677D9C181B58AF80 /* DamageMetrics.swift in Sources */,
				8674F689C5F772CB5950B8A1 /* DockBarHeroApp.swift in Sources */,
				4CCFDC1FE8F1137185519C86 /* EncounterDirector.swift in Sources */,
				FDAC194AE4CA4639187D16B4 /* EnvironmentMonitor.swift in Sources */,
				C6E726271E35F71BDC6681D0 /* FullscreenWindowClassifier.swift in Sources */,
				2E65DEB89F07322368ED6E17 /* GameModels.swift in Sources */,
				B66041EB90E47022AEB65B6C /* GameSession.swift in Sources */,
				E27A1FA17198466ECF6F5A3C /* GameSimulation.swift in Sources */,
				C62C8B02A3F0BF1FE9EE1D42 /* LootSystem.swift in Sources */,
				6AA2232C0770269591C84AC5 /* ManagementView.swift in Sources */,
				1AC6D3EDFF22908386E99C35 /* MenuBarContent.swift in Sources */,
				3D9A0E211849967844474C4D /* OverlayPanel.swift in Sources */,
				DFFC0FB551A2996C7A691872 /* OverlayPlacement.swift in Sources */,
				C0435BD6F1CFAEEE8DE56D68 /* OverlayState.swift in Sources */,
				30042DDB93F9720D2380F412 /* OverlayWindowController.swift in Sources */,
				99B85F8360961389079F6AAE /* PrototypeScene.swift in Sources */,
				2F7453ED494FDA644BFA43F3 /* PrototypeSceneHost.swift in Sources */,
				59B3D179D74276F495F2C346 /* RewardResolver.swift in Sources */,
				511377801E6211ED3D87D812 /* SaveCoordinator.swift in Sources */,
				96C175AA63AB27E4C1BFFD6F /* SaveDocument.swift in Sources */,
				78CC9D1FFD4DD6B01B6DC529 /* SaveStore.swift in Sources */,
				3B791FA3114B5471B8CCF050 /* SimulationDriver.swift in Sources */,
				1AAFD4151665282A44585C20 /* SimulationDuration.swift in Sources */,
			);
			runOnlyForDeploymentPostprocessing = 0;
		};
/* End PBXSourcesBuildPhase section */

/* Begin PBXTargetDependency section */
		7D3045D0E1A3419B35C16D09 /* PBXTargetDependency */ = {
			isa = PBXTargetDependency;
			target = BC889D86AE980ADB9C980C17 /* DockBarHero */;
			targetProxy = 556F9FB48BEE068E8D7AF123 /* PBXContainerItemProxy */;
		};
/* End PBXTargetDependency section */

/* Begin XCBuildConfiguration section */
		0CE331949BD7C19E7C8FDF38 /* Debug */ = {
			isa = XCBuildConfiguration;
			buildSettings = {
				ALWAYS_SEARCH_USER_PATHS = NO;
				ARCHS = arm64;
				CLANG_ANALYZER_NONNULL = YES;
				CLANG_ANALYZER_NUMBER_OBJECT_CONVERSION = YES_AGGRESSIVE;
				CLANG_CXX_LANGUAGE_STANDARD = "gnu++14";
				CLANG_CXX_LIBRARY = "libc++";
				CLANG_ENABLE_MODULES = YES;
				CLANG_ENABLE_OBJC_ARC = YES;
				CLANG_ENABLE_OBJC_WEAK = YES;
				CLANG_WARN_BLOCK_CAPTURE_AUTORELEASING = YES;
				CLANG_WARN_BOOL_CONVERSION = YES;
				CLANG_WARN_COMMA = YES;
				CLANG_WARN_CONSTANT_CONVERSION = YES;
				CLANG_WARN_DEPRECATED_OBJC_IMPLEMENTATIONS = YES;
				CLANG_WARN_DIRECT_OBJC_ISA_USAGE = YES_ERROR;
				CLANG_WARN_DOCUMENTATION_COMMENTS = YES;
				CLANG_WARN_EMPTY_BODY = YES;
				CLANG_WARN_ENUM_CONVERSION = YES;
				CLANG_WARN_INFINITE_RECURSION = YES;
				CLANG_WARN_INT_CONVERSION = YES;
				CLANG_WARN_NON_LITERAL_NULL_CONVERSION = YES;
				CLANG_WARN_OBJC_IMPLICIT_RETAIN_SELF = YES;
				CLANG_WARN_OBJC_LITERAL_CONVERSION = YES;
				CLANG_WARN_OBJC_ROOT_CLASS = YES_ERROR;
				CLANG_WARN_QUOTED_INCLUDE_IN_FRAMEWORK_HEADER = YES;
				CLANG_WARN_RANGE_LOOP_ANALYSIS = YES;
				CLANG_WARN_STRICT_PROTOTYPES = YES;
				CLANG_WARN_SUSPICIOUS_MOVE = YES;
				CLANG_WARN_UNGUARDED_AVAILABILITY = YES_AGGRESSIVE;
				CLANG_WARN_UNREACHABLE_CODE = YES;
				CLANG_WARN__DUPLICATE_METHOD_MATCH = YES;
				COPY_PHASE_STRIP = NO;
				DEBUG_INFORMATION_FORMAT = dwarf;
				ENABLE_STRICT_OBJC_MSGSEND = YES;
				ENABLE_TESTABILITY = YES;
				GCC_C_LANGUAGE_STANDARD = gnu11;
				GCC_DYNAMIC_NO_PIC = NO;
				GCC_NO_COMMON_BLOCKS = YES;
				GCC_OPTIMIZATION_LEVEL = 0;
				GCC_PREPROCESSOR_DEFINITIONS = (
					"$(inherited)",
					"DEBUG=1",
				);
				GCC_WARN_64_TO_32_BIT_CONVERSION = YES;
				GCC_WARN_ABOUT_RETURN_TYPE = YES_ERROR;
				GCC_WARN_UNDECLARED_SELECTOR = YES;
				GCC_WARN_UNINITIALIZED_AUTOS = YES_AGGRESSIVE;
				GCC_WARN_UNUSED_FUNCTION = YES;
				GCC_WARN_UNUSED_VARIABLE = YES;
				MACOSX_DEPLOYMENT_TARGET = 26.0;
				MTL_ENABLE_DEBUG_INFO = INCLUDE_SOURCE;
				MTL_FAST_MATH = YES;
				ONLY_ACTIVE_ARCH = YES;
				PRODUCT_NAME = "$(TARGET_NAME)";
				SDKROOT = macosx;
				SWIFT_ACTIVE_COMPILATION_CONDITIONS = DEBUG;
				SWIFT_OPTIMIZATION_LEVEL = "-Onone";
				SWIFT_STRICT_CONCURRENCY = complete;
				SWIFT_VERSION = 6.0;
			};
			name = Debug;
		};
		81F056E73371B8E5D5CDD7DC /* Debug */ = {
			isa = XCBuildConfiguration;
			buildSettings = {
				ASSETCATALOG_COMPILER_APPICON_NAME = AppIcon;
				COMBINE_HIDPI_IMAGES = YES;
				CURRENT_PROJECT_VERSION = 1;
				GENERATE_INFOPLIST_FILE = YES;
				INFOPLIST_KEY_CFBundleDisplayName = DockBarHero;
				INFOPLIST_KEY_LSUIElement = YES;
				LD_RUNPATH_SEARCH_PATHS = (
					"$(inherited)",
					"@executable_path/../Frameworks",
				);
				MARKETING_VERSION = 0.1.0;
				PRODUCT_BUNDLE_IDENTIFIER = com.n3kr0nom1c0n.DockBarHero;
				PRODUCT_NAME = DockBarHero;
				SDKROOT = macosx;
			};
			name = Debug;
		};
		969006DBA331F8FECA46BC05 /* Release */ = {
			isa = XCBuildConfiguration;
			buildSettings = {
				ASSETCATALOG_COMPILER_APPICON_NAME = AppIcon;
				COMBINE_HIDPI_IMAGES = YES;
				CURRENT_PROJECT_VERSION = 1;
				GENERATE_INFOPLIST_FILE = YES;
				INFOPLIST_KEY_CFBundleDisplayName = DockBarHero;
				INFOPLIST_KEY_LSUIElement = YES;
				LD_RUNPATH_SEARCH_PATHS = (
					"$(inherited)",
					"@executable_path/../Frameworks",
				);
				MARKETING_VERSION = 0.1.0;
				PRODUCT_BUNDLE_IDENTIFIER = com.n3kr0nom1c0n.DockBarHero;
				PRODUCT_NAME = DockBarHero;
				SDKROOT = macosx;
			};
			name = Release;
		};
		CC1308AB1CFDA067560EAEC3 /* Release */ = {
			isa = XCBuildConfiguration;
			buildSettings = {
				BUNDLE_LOADER = "$(TEST_HOST)";
				COMBINE_HIDPI_IMAGES = YES;
				GENERATE_INFOPLIST_FILE = YES;
				LD_RUNPATH_SEARCH_PATHS = (
					"$(inherited)",
					"@executable_path/../Frameworks",
					"@loader_path/../Frameworks",
				);
				PRODUCT_BUNDLE_IDENTIFIER = com.n3kr0nom1c0n.DockBarHeroTests;
				SDKROOT = macosx;
				TEST_HOST = "$(BUILT_PRODUCTS_DIR)/DockBarHero.app/Contents/MacOS/DockBarHero";
			};
			name = Release;
		};
		CEE229DC48EF4FEB1F334887 /* Debug */ = {
			isa = XCBuildConfiguration;
			buildSettings = {
				BUNDLE_LOADER = "$(TEST_HOST)";
				COMBINE_HIDPI_IMAGES = YES;
				GENERATE_INFOPLIST_FILE = YES;
				LD_RUNPATH_SEARCH_PATHS = (
					"$(inherited)",
					"@executable_path/../Frameworks",
					"@loader_path/../Frameworks",
				);
				PRODUCT_BUNDLE_IDENTIFIER = com.n3kr0nom1c0n.DockBarHeroTests;
				SDKROOT = macosx;
				TEST_HOST = "$(BUILT_PRODUCTS_DIR)/DockBarHero.app/Contents/MacOS/DockBarHero";
			};
			name = Debug;
		};
		D77C9ADC1EA632EF131130F6 /* Release */ = {
			isa = XCBuildConfiguration;
			buildSettings = {
				ALWAYS_SEARCH_USER_PATHS = NO;
				ARCHS = arm64;
				CLANG_ANALYZER_NONNULL = YES;
				CLANG_ANALYZER_NUMBER_OBJECT_CONVERSION = YES_AGGRESSIVE;
				CLANG_CXX_LANGUAGE_STANDARD = "gnu++14";
				CLANG_CXX_LIBRARY = "libc++";
				CLANG_ENABLE_MODULES = YES;
				CLANG_ENABLE_OBJC_ARC = YES;
				CLANG_ENABLE_OBJC_WEAK = YES;
				CLANG_WARN_BLOCK_CAPTURE_AUTORELEASING = YES;
				CLANG_WARN_BOOL_CONVERSION = YES;
				CLANG_WARN_COMMA = YES;
				CLANG_WARN_CONSTANT_CONVERSION = YES;
				CLANG_WARN_DEPRECATED_OBJC_IMPLEMENTATIONS = YES;
				CLANG_WARN_DIRECT_OBJC_ISA_USAGE = YES_ERROR;
				CLANG_WARN_DOCUMENTATION_COMMENTS = YES;
				CLANG_WARN_EMPTY_BODY = YES;
				CLANG_WARN_ENUM_CONVERSION = YES;
				CLANG_WARN_INFINITE_RECURSION = YES;
				CLANG_WARN_INT_CONVERSION = YES;
				CLANG_WARN_NON_LITERAL_NULL_CONVERSION = YES;
				CLANG_WARN_OBJC_IMPLICIT_RETAIN_SELF = YES;
				CLANG_WARN_OBJC_LITERAL_CONVERSION = YES;
				CLANG_WARN_OBJC_ROOT_CLASS = YES_ERROR;
				CLANG_WARN_QUOTED_INCLUDE_IN_FRAMEWORK_HEADER = YES;
				CLANG_WARN_RANGE_LOOP_ANALYSIS = YES;
				CLANG_WARN_STRICT_PROTOTYPES = YES;
				CLANG_WARN_SUSPICIOUS_MOVE = YES;
				CLANG_WARN_UNGUARDED_AVAILABILITY = YES_AGGRESSIVE;
				CLANG_WARN_UNREACHABLE_CODE = YES;
				CLANG_WARN__DUPLICATE_METHOD_MATCH = YES;
				COPY_PHASE_STRIP = NO;
				DEBUG_INFORMATION_FORMAT = "dwarf-with-dsym";
				ENABLE_NS_ASSERTIONS = NO;
				ENABLE_STRICT_OBJC_MSGSEND = YES;
				GCC_C_LANGUAGE_STANDARD = gnu11;
				GCC_NO_COMMON_BLOCKS = YES;
				GCC_WARN_64_TO_32_BIT_CONVERSION = YES;
				GCC_WARN_ABOUT_RETURN_TYPE = YES_ERROR;
				GCC_WARN_UNDECLARED_SELECTOR = YES;
				GCC_WARN_UNINITIALIZED_AUTOS = YES_AGGRESSIVE;
				GCC_WARN_UNUSED_FUNCTION = YES;
				GCC_WARN_UNUSED_VARIABLE = YES;
				MACOSX_DEPLOYMENT_TARGET = 26.0;
				MTL_ENABLE_DEBUG_INFO = NO;
				MTL_FAST_MATH = YES;
				PRODUCT_NAME = "$(TARGET_NAME)";
				SDKROOT = macosx;
				SWIFT_COMPILATION_MODE = wholemodule;
				SWIFT_OPTIMIZATION_LEVEL = "-O";
				SWIFT_STRICT_CONCURRENCY = complete;
				SWIFT_VERSION = 6.0;
			};
			name = Release;
		};
/* End XCBuildConfiguration section */

/* Begin XCConfigurationList section */
		258560F2B153AF6EC1B76947 /* Build configuration list for PBXNativeTarget "DockBarHero" */ = {
			isa = XCConfigurationList;
			buildConfigurations = (
				81F056E73371B8E5D5CDD7DC /* Debug */,
				969006DBA331F8FECA46BC05 /* Release */,
			);
			defaultConfigurationIsVisible = 0;
			defaultConfigurationName = Debug;
		};
		ABD8A66E67D7C2BD4A8EAE71 /* Build configuration list for PBXNativeTarget "DockBarHeroTests" */ = {
			isa = XCConfigurationList;
			buildConfigurations = (
				CEE229DC48EF4FEB1F334887 /* Debug */,
				CC1308AB1CFDA067560EAEC3 /* Release */,
			);
			defaultConfigurationIsVisible = 0;
			defaultConfigurationName = Debug;
		};
		E8D995E762EEC1DCF79511E9 /* Build configuration list for PBXProject "DockBarHero" */ = {
			isa = XCConfigurationList;
			buildConfigurations = (
				0CE331949BD7C19E7C8FDF38 /* Debug */,
				D77C9ADC1EA632EF131130F6 /* Release */,
			);
			defaultConfigurationIsVisible = 0;
			defaultConfigurationName = Debug;
		};
/* End XCConfigurationList section */
	};
	rootObject = B358D015E2B782F40E3C90E4 /* Project object */;
}
